
Microsoft Visual Studio Solution File, Format Version 12.00
# Visual Studio Version 16
VisualStudioVersion = 16.0.28621.142
MinimumVisualStudioVersion = 10.0.40219.1
Project("{6EC3EE1D-3C4E-46DD-8F32-0CC8E7565705}") = "WinTailF", "WinTailF.fsproj", "{43DB2FAF-94C3-4D81-8BCA-89DD6DE505E6}"
EndProject
Global
	GlobalSection(SolutionConfigurationPlatforms) = preSolution
		Debug|Any CPU = Debug|Any CPU
		Release|Any CPU = Release|Any CPU
	EndGlobalSection
	GlobalSection(ProjectConfigurationPlatforms) = postSolution
		{43DB2FAF-94C3-4D81-8BCA-89DD6DE505E6}.Debug|Any CPU.ActiveCfg = Debug|Any CPU
		{43DB2FAF-94C3-4D81-8BCA-89DD6DE505E6}.Debug|Any CPU.Build.0 = Debug|Any CPU
		{43DB2FAF-94C3-4D81-8BCA-89DD6DE505E6}.Release|Any CPU.ActiveCfg = Release|Any CPU
		{43DB2FAF-94C3-4D81-8BCA-89DD6DE505E6}.Release|Any CPU.Build.0 = Release|Any CPU
	EndGlobalSection
	GlobalSection(SolutionProperties) = preSolution
		HideSolutionNode = FALSE
	EndGlobalSection
	GlobalSection(ExtensibilityGlobals) = postSolution
		SolutionGuid = {62080DD4-79B3-4850-A320-6B380D717B04}
	EndGlobalSection
EndGlobal
